
Microsoft Visual Studio Solution File, Format Version 12.00
# Visual Studio Version 17
VisualStudioVersion = 17.4.33205.214
MinimumVisualStudioVersion = 10.0.40219.1
Project("{FAE04EC0-301F-11D3-BF4B-00C04F79EFBC}") = "ParkingRavenDb", "ParkingRavenDb\ParkingRavenDb.csproj", "{5C43D69D-F0DE-46B5-9F5D-730218DB4FFD}"
EndProject
Global
	GlobalSection(SolutionConfigurationPlatforms) = preSolution
		Debug|Any CPU = Debug|Any CPU
		Release|Any CPU = Release|Any CPU
	EndGlobalSection
	GlobalSection(ProjectConfigurationPlatforms) = postSolution
		{5C43D69D-F0DE-46B5-9F5D-730218DB4FFD}.Debug|Any CPU.ActiveCfg = Debug|Any CPU
		{5C43D69D-F0DE-46B5-9F5D-730218DB4FFD}.Debug|Any CPU.Build.0 = Debug|Any CPU
		{5C43D69D-F0DE-46B5-9F5D-730218DB4FFD}.Release|Any CPU.ActiveCfg = Release|Any CPU
		{5C43D69D-F0DE-46B5-9F5D-730218DB4FFD}.Release|Any CPU.Build.0 = Release|Any CPU
	EndGlobalSection
	GlobalSection(SolutionProperties) = preSolution
		HideSolutionNode = FALSE
	EndGlobalSection
	GlobalSection(ExtensibilityGlobals) = postSolution
		SolutionGuid = {2687E47B-2B46-468D-A934-4971B8490254}
	EndGlobalSection
EndGlobal
